
Microsoft Visual Studio Solution File, Format Version 12.00
# Visual Studio 14
VisualStudioVersion = 14.0.25123.0
MinimumVisualStudioVersion = 10.0.40219.1
Project("{2150E333-8FDC-42A3-9474-1A3956D46DE8}") = "src", "src", "{BE333FB4-6ED9-4DF3-B796-CB904D6F0FDC}"
EndProject
Project("{2150E333-8FDC-42A3-9474-1A3956D46DE8}") = "Solution Items", "Solution Items", "{991392A4-196C-4F3C-BBCD-DC8EBFDE766A}"
	ProjectSection(SolutionItems) = preProject
		global.json = global.json
	EndProjectSection
EndProject
Project("{8BB2217D-0F2D-49D1-97BC-3654ED321F3B}") = "mesosclr", "src\mesosclr\mesosclr.xproj", "{590E14A4-3B7C-420C-A2DE-C34E61A2D414}"
EndProject
Global
	GlobalSection(SolutionConfigurationPlatforms) = preSolution
		Debug|Any CPU = Debug|Any CPU
		Release|Any CPU = Release|Any CPU
	EndGlobalSection
	GlobalSection(ProjectConfigurationPlatforms) = postSolution
		{590E14A4-3B7C-420C-A2DE-C34E61A2D414}.Debug|Any CPU.ActiveCfg = Debug|Any CPU
		{590E14A4-3B7C-420C-A2DE-C34E61A2D414}.Debug|Any CPU.Build.0 = Debug|Any CPU
		{590E14A4-3B7C-420C-A2DE-C34E61A2D414}.Release|Any CPU.ActiveCfg = Release|Any CPU
		{590E14A4-3B7C-420C-A2DE-C34E61A2D414}.Release|Any CPU.Build.0 = Release|Any CPU
	EndGlobalSection
	GlobalSection(SolutionProperties) = preSolution
		HideSolutionNode = FALSE
	EndGlobalSection
	GlobalSection(NestedProjects) = preSolution
		{590E14A4-3B7C-420C-A2DE-C34E61A2D414} = {BE333FB4-6ED9-4DF3-B796-CB904D6F0FDC}
	EndGlobalSection
EndGlobal
