
Microsoft Visual Studio Solution File, Format Version 12.00
# Visual Studio 2012
VisualStudioVersion = 14.0.23107.0
MinimumVisualStudioVersion = 10.0.40219.1
Project("{FAE04EC0-301F-11D3-BF4B-00C04F79EFBC}") = "com.bcrusu.mesosclr", "com.bcrusu.mesosclr\com.bcrusu.mesosclr.csproj", "{993AD944-E943-46C2-8B5E-7B4DB8CC3B51}"
EndProject
Project("{FAE04EC0-301F-11D3-BF4B-00C04F79EFBC}") = "com.bcrusu.mesosclr.Rendler", "com.bcrusu.mesosclr.Rendler\com.bcrusu.mesosclr.Rendler.csproj", "{493B8B8C-97CF-4C2C-9276-E553C0CB5E88}"
EndProject
Global
	GlobalSection(SolutionConfigurationPlatforms) = preSolution
		Debug|Any CPU = Debug|Any CPU
		Release|Any CPU = Release|Any CPU
	EndGlobalSection
	GlobalSection(ProjectConfigurationPlatforms) = postSolution
		{493B8B8C-97CF-4C2C-9276-E553C0CB5E88}.Debug|Any CPU.ActiveCfg = Debug|Any CPU
		{493B8B8C-97CF-4C2C-9276-E553C0CB5E88}.Debug|Any CPU.Build.0 = Debug|Any CPU
		{493B8B8C-97CF-4C2C-9276-E553C0CB5E88}.Release|Any CPU.ActiveCfg = Release|Any CPU
		{493B8B8C-97CF-4C2C-9276-E553C0CB5E88}.Release|Any CPU.Build.0 = Release|Any CPU
		{993AD944-E943-46C2-8B5E-7B4DB8CC3B51}.Debug|Any CPU.ActiveCfg = Debug|Any CPU
		{993AD944-E943-46C2-8B5E-7B4DB8CC3B51}.Debug|Any CPU.Build.0 = Debug|Any CPU
		{993AD944-E943-46C2-8B5E-7B4DB8CC3B51}.Release|Any CPU.ActiveCfg = Release|Any CPU
		{993AD944-E943-46C2-8B5E-7B4DB8CC3B51}.Release|Any CPU.Build.0 = Release|Any CPU
	EndGlobalSection
	GlobalSection(SolutionProperties) = preSolution
		HideSolutionNode = FALSE
	EndGlobalSection
EndGlobal
